<?xml version="1.0" encoding="utf-8"?>
<Project ToolsVersion="4.0" xmlns="http://schemas.microsoft.com/developer/msbuild/2003">
  <ItemGroup>
    <Filter Include="model">
      <UniqueIdentifier>{5f4864e3-374d-4be1-8d14-29db09ca3292}</UniqueIdentifier>
    </Filter>
    <Filter Include="model\parametric">
      <UniqueIdentifier>{b3cba04f-cb90-4241-877a-f93248d94453}</UniqueIdentifier>
    </Filter>
    <Filter Include="model\obj">
      <UniqueIdentifier>{7c3f0edf-715f-4510-a6b8-f3b65e970f9c}</UniqueIdentifier>
    </Filter>
    <Filter Include="dataset">
      <UniqueIdentifier>{0b2ddd2a-d865-487d-a2e8-8fa47e78dc07}</UniqueIdentifier>
    </Filter>
    <Filter Include="utility">
      <UniqueIdentifier>{da3eeec6-0a86-4c4d-91b5-69824a1136d8}</UniqueIdentifier>
    </Filter>
    <Filter Include="render">
      <UniqueIdentifier>{5cd09632-601f-42e8-884b-8214a7fc2bd1}</UniqueIdentifier>
    </Filter>
    <Filter Include="nodes">
      <UniqueIdentifier>{6d8cb769-7aaf-4669-8202-47addf009776}</UniqueIdentifier>
    </Filter>
    <Filter Include="nodes\02.complex">
      <UniqueIdentifier>{0bbdfeb0-91b3-489b-bec1-ac2731d78fe5}</UniqueIdentifier>
    </Filter>
    <Filter Include="nodes\03.animation">
      <UniqueIdentifier>{17394a8a-712c-4f83-83c2-46d7681ef870}</UniqueIdentifier>
    </Filter>
    <Filter Include="nodes\04.terrain">
      <UniqueIdentifier>{14de15ce-9364-41ef-a48d-695a0f0eb79d}</UniqueIdentifier>
    </Filter>
    <Filter Include="nodes\00.anchor">
      <UniqueIdentifier>{e5c76ddf-05de-409f-8e67-1cbb23b66809}</UniqueIdentifier>
    </Filter>
    <Filter Include="nodes\01.object">
      <UniqueIdentifier>{2610799d-42fa-4c58-a5f0-e3fa14d46976}</UniqueIdentifier>
    </Filter>
    <Filter Include="nodes\model">
      <UniqueIdentifier>{7629b7cf-b009-4d77-9213-72c0d0b0a32c}</UniqueIdentifier>
    </Filter>
    <Filter Include="nodes\node">
      <UniqueIdentifier>{b2eb09b6-3f63-4d38-961b-2306378a18aa}</UniqueIdentifier>
    </Filter>
    <Filter Include="dataset\camera">
      <UniqueIdentifier>{ab9d472b-75e0-4655-aa2d-d69dd2d88c93}</UniqueIdentifier>
    </Filter>
  </ItemGroup>
  <ItemGroup>
    <ClCompile Include="..\..\..\source\Material.cpp">
      <Filter>model</Filter>
    </ClCompile>
    <ClCompile Include="..\..\..\source\Mesh.cpp">
      <Filter>model</Filter>
    </ClCompile>
    <ClCompile Include="..\..\..\source\Model.cpp">
      <Filter>model</Filter>
    </ClCompile>
    <ClCompile Include="..\..\..\source\ModelParametric.cpp">
      <Filter>model\parametric</Filter>
    </ClCompile>
    <ClCompile Include="..\..\..\source\ParametricSurface.cpp">
      <Filter>model\parametric</Filter>
    </ClCompile>
    <ClCompile Include="..\..\..\source\ModelObj.cpp">
      <Filter>model\obj</Filter>
    </ClCompile>
    <ClCompile Include="..\..\..\source\AssimpHelper.cpp">
      <Filter>utility</Filter>
    </ClCompile>
    <ClCompile Include="..\..\..\source\Math.cpp">
      <Filter>utility</Filter>
    </ClCompile>
    <ClCompile Include="..\..\..\source\RenderContext.cpp">
      <Filter>render</Filter>
    </ClCompile>
    <ClCompile Include="..\..\..\source\RenderCtxStack.cpp">
      <Filter>render</Filter>
    </ClCompile>
    <ClCompile Include="..\..\..\source\PrimitiveDraw.cpp">
      <Filter>render</Filter>
    </ClCompile>
    <ClCompile Include="..\..\..\source\ResourceAPI.cpp">
      <Filter>utility</Filter>
    </ClCompile>
    <ClCompile Include="..\..\..\source\ComplexModel.cpp">
      <Filter>nodes\02.complex</Filter>
    </ClCompile>
    <ClCompile Include="..\..\..\source\ComplexNode.cpp">
      <Filter>nodes\02.complex</Filter>
    </ClCompile>
    <ClCompile Include="..\..\..\source\ObjectModel.cpp">
      <Filter>nodes\01.object</Filter>
    </ClCompile>
    <ClCompile Include="..\..\..\source\ObjectNode.cpp">
      <Filter>nodes\01.object</Filter>
    </ClCompile>
    <ClCompile Include="..\..\..\source\IModel.cpp">
      <Filter>nodes\model</Filter>
    </ClCompile>
    <ClCompile Include="..\..\..\source\INode.cpp">
      <Filter>nodes\node</Filter>
    </ClCompile>
    <ClCompile Include="..\..\..\source\DrawNode.cpp">
      <Filter>render</Filter>
    </ClCompile>
    <ClCompile Include="..\..\..\source\Camera.cpp">
      <Filter>dataset\camera</Filter>
    </ClCompile>
    <ClCompile Include="..\..\..\source\Viewport.cpp">
      <Filter>dataset\camera</Filter>
    </ClCompile>
  </ItemGroup>
  <ItemGroup>
    <ClInclude Include="..\..\..\include\node3\Material.h">
      <Filter>model</Filter>
    </ClInclude>
    <ClInclude Include="..\..\..\include\node3\Mesh.h">
      <Filter>model</Filter>
    </ClInclude>
    <ClInclude Include="..\..\..\include\node3\Model.h">
      <Filter>model</Filter>
    </ClInclude>
    <ClInclude Include="..\..\..\include\node3\ModelParametric.h">
      <Filter>model\parametric</Filter>
    </ClInclude>
    <ClInclude Include="..\..\..\include\node3\ParametricEquations.h">
      <Filter>model\parametric</Filter>
    </ClInclude>
    <ClInclude Include="..\..\..\include\node3\ParametricSurface.h">
      <Filter>model\parametric</Filter>
    </ClInclude>
    <ClInclude Include="..\..\..\include\node3\Surface.h">
      <Filter>model\parametric</Filter>
    </ClInclude>
    <ClInclude Include="..\..\..\include\node3\ModelObj.h">
      <Filter>model\obj</Filter>
    </ClInclude>
    <ClInclude Include="..\..\..\include\node3\AABB.h">
      <Filter>dataset</Filter>
    </ClInclude>
    <ClInclude Include="..\..\..\include\node3\AssimpHelper.h">
      <Filter>utility</Filter>
    </ClInclude>
    <ClInclude Include="..\..\..\include\node3\Ray.h">
      <Filter>dataset</Filter>
    </ClInclude>
    <ClInclude Include="..\..\..\include\node3\Math.h">
      <Filter>utility</Filter>
    </ClInclude>
    <ClInclude Include="..\..\..\include\node3\RenderContext.h">
      <Filter>render</Filter>
    </ClInclude>
    <ClInclude Include="..\..\..\include\node3\RenderCtxStack.h">
      <Filter>render</Filter>
    </ClInclude>
    <ClInclude Include="..\..\..\include\node3\PrimitiveDraw.h">
      <Filter>render</Filter>
    </ClInclude>
    <ClInclude Include="..\..\..\include\node3\ResourceAPI.h">
      <Filter>utility</Filter>
    </ClInclude>
    <ClInclude Include="..\..\..\include\node3\ComplexModel.h">
      <Filter>nodes\02.complex</Filter>
    </ClInclude>
    <ClInclude Include="..\..\..\include\node3\ComplexNode.h">
      <Filter>nodes\02.complex</Filter>
    </ClInclude>
    <ClInclude Include="..\..\..\include\node3\ObjectModel.h">
      <Filter>nodes\01.object</Filter>
    </ClInclude>
    <ClInclude Include="..\..\..\include\node3\ObjectNode.h">
      <Filter>nodes\01.object</Filter>
    </ClInclude>
    <ClInclude Include="..\..\..\include\node3\IModel.h">
      <Filter>nodes\model</Filter>
    </ClInclude>
    <ClInclude Include="..\..\..\include\node3\INode.h">
      <Filter>nodes\node</Filter>
    </ClInclude>
    <ClInclude Include="..\..\..\include\node3\ModelType.h">
      <Filter>nodes\model</Filter>
    </ClInclude>
    <ClInclude Include="..\..\..\include\node3\DrawNode.h">
      <Filter>render</Filter>
    </ClInclude>
    <ClInclude Include="..\..\..\include\node3\RenderParams.h">
      <Filter>render</Filter>
    </ClInclude>
    <ClInclude Include="..\..\..\include\c_wrap_n3.h" />
    <ClInclude Include="..\..\..\include\node3\n3_typedef.h" />
    <ClInclude Include="..\..\..\include\node3\Camera.h">
      <Filter>dataset\camera</Filter>
    </ClInclude>
    <ClInclude Include="..\..\..\include\node3\Viewport.h">
      <Filter>dataset\camera</Filter>
    </ClInclude>
  </ItemGroup>
  <ItemGroup>
    <None Include="..\..\..\include\node3\AABB.inl">
      <Filter>dataset</Filter>
    </None>
  </ItemGroup>
</Project>