<?xml version="1.0" encoding="utf-8"?>
<Project ToolsVersion="4.0" xmlns="http://schemas.microsoft.com/developer/msbuild/2003">
  <ItemGroup>
    <Filter Include="components">
      <UniqueIdentifier>{1f0efb10-0a28-402c-bfa5-956a68b5685e}</UniqueIdentifier>
    </Filter>
    <Filter Include="system">
      <UniqueIdentifier>{493ce7c0-f5c6-481b-bb1c-266291bb380b}</UniqueIdentifier>
    </Filter>
    <Filter Include="components\geo">
      <UniqueIdentifier>{57c88e95-70d5-4510-8c97-3909e63521cb}</UniqueIdentifier>
    </Filter>
    <Filter Include="components\asset">
      <UniqueIdentifier>{4fad5f5a-cf31-40c4-8e7f-78996c95a81a}</UniqueIdentifier>
    </Filter>
    <Filter Include="components\asset\model">
      <UniqueIdentifier>{f8252b3d-09a2-48e2-986d-ad2d4ebd1b98}</UniqueIdentifier>
    </Filter>
  </ItemGroup>
  <ItemGroup>
    <ClCompile Include="..\..\..\source\CompAABB.cpp">
      <Filter>components\geo</Filter>
    </ClCompile>
    <ClCompile Include="..\..\..\source\CompTransform.cpp">
      <Filter>components\geo</Filter>
    </ClCompile>
    <ClCompile Include="..\..\..\source\RenderSystem.cpp">
      <Filter>system</Filter>
    </ClCompile>
    <ClCompile Include="..\..\..\source\CompAnim.cpp">
      <Filter>components\asset</Filter>
    </ClCompile>
    <ClCompile Include="..\..\..\source\UpdateSystem.cpp">
      <Filter>system</Filter>
    </ClCompile>
    <ClCompile Include="..\..\..\source\CompModel.cpp">
      <Filter>components\asset\model</Filter>
    </ClCompile>
    <ClCompile Include="..\..\..\source\CompModelInst.cpp">
      <Filter>components\asset\model</Filter>
    </ClCompile>
    <ClCompile Include="..\..\..\source\AABBSystem.cpp">
      <Filter>system</Filter>
    </ClCompile>
  </ItemGroup>
  <ItemGroup>
    <ClInclude Include="..\..\..\include\c_wrap_n3.h" />
    <ClInclude Include="..\..\..\include\node3\RenderSystem.h">
      <Filter>system</Filter>
    </ClInclude>
    <ClInclude Include="..\..\..\include\node3\CompAABB.h">
      <Filter>components\geo</Filter>
    </ClInclude>
    <ClInclude Include="..\..\..\include\node3\CompTransform.h">
      <Filter>components\geo</Filter>
    </ClInclude>
    <ClInclude Include="..\..\..\include\node3\CompAnim.h">
      <Filter>components\asset</Filter>
    </ClInclude>
    <ClInclude Include="..\..\..\include\node3\UpdateSystem.h">
      <Filter>system</Filter>
    </ClInclude>
    <ClInclude Include="..\..\..\include\node3\CompModel.h">
      <Filter>components\asset\model</Filter>
    </ClInclude>
    <ClInclude Include="..\..\..\include\node3\CompModelInst.h">
      <Filter>components\asset\model</Filter>
    </ClInclude>
    <ClInclude Include="..\..\..\include\node3\AABBSystem.h">
      <Filter>system</Filter>
    </ClInclude>
  </ItemGroup>
</Project>