<?xml version="1.0" encoding="utf-8"?>
<Project ToolsVersion="4.0" xmlns="http://schemas.microsoft.com/developer/msbuild/2003">
  <ItemGroup>
    <Filter Include="model">
      <UniqueIdentifier>{5f4864e3-374d-4be1-8d14-29db09ca3292}</UniqueIdentifier>
    </Filter>
    <Filter Include="model\obj">
      <UniqueIdentifier>{7c3f0edf-715f-4510-a6b8-f3b65e970f9c}</UniqueIdentifier>
    </Filter>
    <Filter Include="utility">
      <UniqueIdentifier>{da3eeec6-0a86-4c4d-91b5-69824a1136d8}</UniqueIdentifier>
    </Filter>
    <Filter Include="render">
      <UniqueIdentifier>{5cd09632-601f-42e8-884b-8214a7fc2bd1}</UniqueIdentifier>
    </Filter>
    <Filter Include="model\surface">
      <UniqueIdentifier>{b3cba04f-cb90-4241-877a-f93248d94453}</UniqueIdentifier>
    </Filter>
    <Filter Include="components">
      <UniqueIdentifier>{1f0efb10-0a28-402c-bfa5-956a68b5685e}</UniqueIdentifier>
    </Filter>
    <Filter Include="system">
      <UniqueIdentifier>{493ce7c0-f5c6-481b-bb1c-266291bb380b}</UniqueIdentifier>
    </Filter>
    <Filter Include="components\geo">
      <UniqueIdentifier>{57c88e95-70d5-4510-8c97-3909e63521cb}</UniqueIdentifier>
    </Filter>
    <Filter Include="components\asset">
      <UniqueIdentifier>{4fad5f5a-cf31-40c4-8e7f-78996c95a81a}</UniqueIdentifier>
    </Filter>
  </ItemGroup>
  <ItemGroup>
    <ClCompile Include="..\..\..\source\Material.cpp">
      <Filter>model</Filter>
    </ClCompile>
    <ClCompile Include="..\..\..\source\Mesh.cpp">
      <Filter>model</Filter>
    </ClCompile>
    <ClCompile Include="..\..\..\source\Model.cpp">
      <Filter>model</Filter>
    </ClCompile>
    <ClCompile Include="..\..\..\source\ModelParametric.cpp">
      <Filter>model\surface</Filter>
    </ClCompile>
    <ClCompile Include="..\..\..\source\ParametricSurface.cpp">
      <Filter>model\surface</Filter>
    </ClCompile>
    <ClCompile Include="..\..\..\source\ModelObj.cpp">
      <Filter>model\obj</Filter>
    </ClCompile>
    <ClCompile Include="..\..\..\source\AssimpHelper.cpp">
      <Filter>utility</Filter>
    </ClCompile>
    <ClCompile Include="..\..\..\source\Math.cpp">
      <Filter>utility</Filter>
    </ClCompile>
    <ClCompile Include="..\..\..\source\ResourceAPI.cpp">
      <Filter>utility</Filter>
    </ClCompile>
    <ClCompile Include="..\..\..\source\SurfaceFactory.cpp">
      <Filter>model\surface</Filter>
    </ClCompile>
    <ClCompile Include="..\..\..\include\node3\RenderSystem.cpp">
      <Filter>system</Filter>
    </ClCompile>
    <ClCompile Include="..\..\..\source\ParametricEquations.cpp">
      <Filter>model\surface</Filter>
    </ClCompile>
    <ClCompile Include="..\..\..\source\ModelFactory.cpp">
      <Filter>model</Filter>
    </ClCompile>
    <ClCompile Include="..\..\..\source\DrawNode.cpp">
      <Filter>render</Filter>
    </ClCompile>
    <ClCompile Include="..\..\..\source\CompMesh.cpp">
      <Filter>components\asset</Filter>
    </ClCompile>
    <ClCompile Include="..\..\..\source\CompModel.cpp">
      <Filter>components\asset</Filter>
    </ClCompile>
    <ClCompile Include="..\..\..\source\CompAABB.cpp">
      <Filter>components\geo</Filter>
    </ClCompile>
    <ClCompile Include="..\..\..\source\CompTransform.cpp">
      <Filter>components\geo</Filter>
    </ClCompile>
  </ItemGroup>
  <ItemGroup>
    <ClInclude Include="..\..\..\include\node3\Material.h">
      <Filter>model</Filter>
    </ClInclude>
    <ClInclude Include="..\..\..\include\node3\Mesh.h">
      <Filter>model</Filter>
    </ClInclude>
    <ClInclude Include="..\..\..\include\node3\Model.h">
      <Filter>model</Filter>
    </ClInclude>
    <ClInclude Include="..\..\..\include\node3\ModelParametric.h">
      <Filter>model\surface</Filter>
    </ClInclude>
    <ClInclude Include="..\..\..\include\node3\ParametricEquations.h">
      <Filter>model\surface</Filter>
    </ClInclude>
    <ClInclude Include="..\..\..\include\node3\ParametricSurface.h">
      <Filter>model\surface</Filter>
    </ClInclude>
    <ClInclude Include="..\..\..\include\node3\Surface.h">
      <Filter>model\surface</Filter>
    </ClInclude>
    <ClInclude Include="..\..\..\include\node3\ModelObj.h">
      <Filter>model\obj</Filter>
    </ClInclude>
    <ClInclude Include="..\..\..\include\node3\AssimpHelper.h">
      <Filter>utility</Filter>
    </ClInclude>
    <ClInclude Include="..\..\..\include\node3\Math.h">
      <Filter>utility</Filter>
    </ClInclude>
    <ClInclude Include="..\..\..\include\node3\ResourceAPI.h">
      <Filter>utility</Filter>
    </ClInclude>
    <ClInclude Include="..\..\..\include\node3\RenderParams.h">
      <Filter>render</Filter>
    </ClInclude>
    <ClInclude Include="..\..\..\include\c_wrap_n3.h" />
    <ClInclude Include="..\..\..\include\node3\n3_typedef.h" />
    <ClInclude Include="..\..\..\include\node3\SurfaceFactory.h">
      <Filter>model\surface</Filter>
    </ClInclude>
    <ClInclude Include="..\..\..\include\node3\RenderSystem.h">
      <Filter>system</Filter>
    </ClInclude>
    <ClInclude Include="..\..\..\include\node3\ModelFactory.h">
      <Filter>model</Filter>
    </ClInclude>
    <ClInclude Include="..\..\..\include\node3\DrawNode.h">
      <Filter>render</Filter>
    </ClInclude>
    <ClInclude Include="..\..\..\include\node3\CompMesh.h">
      <Filter>components\asset</Filter>
    </ClInclude>
    <ClInclude Include="..\..\..\include\node3\CompModel.h">
      <Filter>components\asset</Filter>
    </ClInclude>
    <ClInclude Include="..\..\..\include\node3\CompAABB.h">
      <Filter>components\geo</Filter>
    </ClInclude>
    <ClInclude Include="..\..\..\include\node3\CompTransform.h">
      <Filter>components\geo</Filter>
    </ClInclude>
  </ItemGroup>
</Project>