<?xml version="1.0" encoding="utf-8"?>
<Project ToolsVersion="4.0" xmlns="http://schemas.microsoft.com/developer/msbuild/2003">
  <ItemGroup>
    <Filter Include="components">
      <UniqueIdentifier>{1f0efb10-0a28-402c-bfa5-956a68b5685e}</UniqueIdentifier>
    </Filter>
    <Filter Include="system">
      <UniqueIdentifier>{493ce7c0-f5c6-481b-bb1c-266291bb380b}</UniqueIdentifier>
    </Filter>
    <Filter Include="components\geo">
      <UniqueIdentifier>{57c88e95-70d5-4510-8c97-3909e63521cb}</UniqueIdentifier>
    </Filter>
    <Filter Include="components\asset">
      <UniqueIdentifier>{4fad5f5a-cf31-40c4-8e7f-78996c95a81a}</UniqueIdentifier>
    </Filter>
    <Filter Include="components\asset\model">
      <UniqueIdentifier>{f8252b3d-09a2-48e2-986d-ad2d4ebd1b98}</UniqueIdentifier>
    </Filter>
    <Filter Include="components\asset\image">
      <UniqueIdentifier>{c7b6abe5-79fa-4729-82c6-86b6e3684cda}</UniqueIdentifier>
    </Filter>
    <Filter Include="components\mesh">
      <UniqueIdentifier>{c8879a31-aa12-4804-bcb9-cf29d9b10611}</UniqueIdentifier>
    </Filter>
    <Filter Include="components\rendering">
      <UniqueIdentifier>{520b1b57-d873-440d-bd30-125c3aa3204d}</UniqueIdentifier>
    </Filter>
    <Filter Include="components\physics">
      <UniqueIdentifier>{62c8fe44-df37-4bc1-b64f-251ce1902665}</UniqueIdentifier>
    </Filter>
    <Filter Include="components\shape">
      <UniqueIdentifier>{fb8ecd88-94cd-4304-adb9-6dc9e01ccf06}</UniqueIdentifier>
    </Filter>
  </ItemGroup>
  <ItemGroup>
    <ClCompile Include="..\..\..\source\CompAABB.cpp">
      <Filter>components\geo</Filter>
    </ClCompile>
    <ClCompile Include="..\..\..\source\CompTransform.cpp">
      <Filter>components\geo</Filter>
    </ClCompile>
    <ClCompile Include="..\..\..\source\RenderSystem.cpp">
      <Filter>system</Filter>
    </ClCompile>
    <ClCompile Include="..\..\..\source\CompAnim.cpp">
      <Filter>components\asset</Filter>
    </ClCompile>
    <ClCompile Include="..\..\..\source\UpdateSystem.cpp">
      <Filter>system</Filter>
    </ClCompile>
    <ClCompile Include="..\..\..\source\CompModel.cpp">
      <Filter>components\asset\model</Filter>
    </ClCompile>
    <ClCompile Include="..\..\..\source\CompModelInst.cpp">
      <Filter>components\asset\model</Filter>
    </ClCompile>
    <ClCompile Include="..\..\..\source\AABBSystem.cpp">
      <Filter>system</Filter>
    </ClCompile>
    <ClCompile Include="..\..\..\source\CompImage3D.cpp">
      <Filter>components\asset\image</Filter>
    </ClCompile>
    <ClCompile Include="..\..\..\source\CompMeshFilter.cpp">
      <Filter>components\mesh</Filter>
    </ClCompile>
    <ClCompile Include="..\..\..\source\CompMeshRenderer.cpp">
      <Filter>components\mesh</Filter>
    </ClCompile>
    <ClCompile Include="..\..\..\source\CompLight.cpp">
      <Filter>components\rendering</Filter>
    </ClCompile>
    <ClCompile Include="..\..\..\source\CompCloth.cpp">
      <Filter>components\physics</Filter>
    </ClCompile>
    <ClCompile Include="..\..\..\source\CompRigid.cpp">
      <Filter>components\physics</Filter>
    </ClCompile>
    <ClCompile Include="..\..\..\source\CompShape.cpp">
      <Filter>components\shape</Filter>
    </ClCompile>
  </ItemGroup>
  <ItemGroup>
    <ClInclude Include="..\..\..\include\c_wrap_n3.h" />
    <ClInclude Include="..\..\..\include\node3\RenderSystem.h">
      <Filter>system</Filter>
    </ClInclude>
    <ClInclude Include="..\..\..\include\node3\CompAABB.h">
      <Filter>components\geo</Filter>
    </ClInclude>
    <ClInclude Include="..\..\..\include\node3\CompTransform.h">
      <Filter>components\geo</Filter>
    </ClInclude>
    <ClInclude Include="..\..\..\include\node3\CompAnim.h">
      <Filter>components\asset</Filter>
    </ClInclude>
    <ClInclude Include="..\..\..\include\node3\UpdateSystem.h">
      <Filter>system</Filter>
    </ClInclude>
    <ClInclude Include="..\..\..\include\node3\CompModel.h">
      <Filter>components\asset\model</Filter>
    </ClInclude>
    <ClInclude Include="..\..\..\include\node3\CompModelInst.h">
      <Filter>components\asset\model</Filter>
    </ClInclude>
    <ClInclude Include="..\..\..\include\node3\AABBSystem.h">
      <Filter>system</Filter>
    </ClInclude>
    <ClInclude Include="..\..\..\include\node3\CompImage3D.h">
      <Filter>components\asset\image</Filter>
    </ClInclude>
    <ClInclude Include="..\..\..\include\node3\CompMeshFilter.h">
      <Filter>components\mesh</Filter>
    </ClInclude>
    <ClInclude Include="..\..\..\include\node3\CompMeshRenderer.h">
      <Filter>components\mesh</Filter>
    </ClInclude>
    <ClInclude Include="..\..\..\include\node3\CompLight.h">
      <Filter>components\rendering</Filter>
    </ClInclude>
    <ClInclude Include="..\..\..\include\node3\CompCloth.h">
      <Filter>components\physics</Filter>
    </ClInclude>
    <ClInclude Include="..\..\..\include\node3\CompRigid.h">
      <Filter>components\physics</Filter>
    </ClInclude>
    <ClInclude Include="..\..\..\include\node3\CompShape.h">
      <Filter>components\shape</Filter>
    </ClInclude>
  </ItemGroup>
</Project>